// !$*UTF8*$!
{
	archiveVersion = 1;
	classes = {
	};
	objectVersion = 56;
	objects = {

/* Begin PBXBuildFile section */
		2EF3648629385F7500247DAE /* NotificationViewController.swift in Sources */ = {isa = PBXBuildFile; fileRef = 2EF3648529385F7500247DAE /* NotificationViewController.swift */; };
		2EF364882938658500247DAE /* NotificationCollectionViewCell.swift in Sources */ = {isa = PBXBuildFile; fileRef = 2EF364872938658500247DAE /* NotificationCollectionViewCell.swift */; };
		3D5AE222293565B30099F53C /* FilterCollectionViewCell.swift in Sources */ = {isa = PBXBuildFile; fileRef = 3D5AE221293565B30099F53C /* FilterCollectionViewCell.swift */; };
		3D5AE224293566680099F53C /* Filter.swift in Sources */ = {isa = PBXBuildFile; fileRef = 3D5AE223293566680099F53C /* Filter.swift */; };
		3D5AE2282935D02C0099F53C /* DetailedViewController.swift in Sources */ = {isa = PBXBuildFile; fileRef = 3D5AE2272935D02C0099F53C /* DetailedViewController.swift */; };
		3D5AE22A2936BA6D0099F53C /* NetworkManager.swift in Sources */ = {isa = PBXBuildFile; fileRef = 3D5AE2292936BA6D0099F53C /* NetworkManager.swift */; };
		3D886D7D2938479D00751DAC /* EditViewController.swift in Sources */ = {isa = PBXBuildFile; fileRef = 3D886D7C2938479C00751DAC /* EditViewController.swift */; };
		3D9A63A6293555FF0038D26D /* AppDelegate.swift in Sources */ = {isa = PBXBuildFile; fileRef = 3D9A63A5293555FF0038D26D /* AppDelegate.swift */; };
		3D9A63A8293555FF0038D26D /* SceneDelegate.swift in Sources */ = {isa = PBXBuildFile; fileRef = 3D9A63A7293555FF0038D26D /* SceneDelegate.swift */; };
		3D9A63AA293555FF0038D26D /* ViewController.swift in Sources */ = {isa = PBXBuildFile; fileRef = 3D9A63A9293555FF0038D26D /* ViewController.swift */; };
		3D9A63AD293555FF0038D26D /* Main.storyboard in Resources */ = {isa = PBXBuildFile; fileRef = 3D9A63AB293555FF0038D26D /* Main.storyboard */; };
		3D9A63AF293556010038D26D /* Assets.xcassets in Resources */ = {isa = PBXBuildFile; fileRef = 3D9A63AE293556010038D26D /* Assets.xcassets */; };
		3D9A63B2293556010038D26D /* LaunchScreen.storyboard in Resources */ = {isa = PBXBuildFile; fileRef = 3D9A63B0293556010038D26D /* LaunchScreen.storyboard */; };
		3DC8625429355666005A64C2 /* HomeViewController.swift in Sources */ = {isa = PBXBuildFile; fileRef = 3DC8625329355666005A64C2 /* HomeViewController.swift */; };
		3DC8625629355689005A64C2 /* Dog.swift in Sources */ = {isa = PBXBuildFile; fileRef = 3DC8625529355689005A64C2 /* Dog.swift */; };
		3DC86258293556A5005A64C2 /* DogsCollectionViewCell.swift in Sources */ = {isa = PBXBuildFile; fileRef = 3DC86257293556A5005A64C2 /* DogsCollectionViewCell.swift */; };
		3DC8625A293556D1005A64C2 /* ProfileViewController.swift in Sources */ = {isa = PBXBuildFile; fileRef = 3DC86259293556D1005A64C2 /* ProfileViewController.swift */; };
		AD7C1ACB11BD03C444376045 /* Pods_hack_challenge.framework in Frameworks */ = {isa = PBXBuildFile; fileRef = DBBC4FC096A30318C7A08934 /* Pods_hack_challenge.framework */; };
/* End PBXBuildFile section */

/* Begin PBXFileReference section */
		2EF3648529385F7500247DAE /* NotificationViewController.swift */ = {isa = PBXFileReference; lastKnownFileType = sourcecode.swift; path = NotificationViewController.swift; sourceTree = "<group>"; };
		2EF364872938658500247DAE /* NotificationCollectionViewCell.swift */ = {isa = PBXFileReference; lastKnownFileType = sourcecode.swift; path = NotificationCollectionViewCell.swift; sourceTree = "<group>"; };
		3D5AE221293565B30099F53C /* FilterCollectionViewCell.swift */ = {isa = PBXFileReference; lastKnownFileType = sourcecode.swift; path = FilterCollectionViewCell.swift; sourceTree = "<group>"; };
		3D5AE223293566680099F53C /* Filter.swift */ = {isa = PBXFileReference; lastKnownFileType = sourcecode.swift; path = Filter.swift; sourceTree = "<group>"; };
		3D5AE2272935D02C0099F53C /* DetailedViewController.swift */ = {isa = PBXFileReference; lastKnownFileType = sourcecode.swift; path = DetailedViewController.swift; sourceTree = "<group>"; };
		3D5AE2292936BA6D0099F53C /* NetworkManager.swift */ = {isa = PBXFileReference; lastKnownFileType = sourcecode.swift; path = NetworkManager.swift; sourceTree = "<group>"; };
		3D886D7C2938479C00751DAC /* EditViewController.swift */ = {isa = PBXFileReference; lastKnownFileType = sourcecode.swift; path = EditViewController.swift; sourceTree = "<group>"; };
		3D9A63A2293555FF0038D26D /* hack_challenge.app */ = {isa = PBXFileReference; explicitFileType = wrapper.application; includeInIndex = 0; path = hack_challenge.app; sourceTree = BUILT_PRODUCTS_DIR; };
		3D9A63A5293555FF0038D26D /* AppDelegate.swift */ = {isa = PBXFileReference; lastKnownFileType = sourcecode.swift; path = AppDelegate.swift; sourceTree = "<group>"; };
		3D9A63A7293555FF0038D26D /* SceneDelegate.swift */ = {isa = PBXFileReference; lastKnownFileType = sourcecode.swift; path = SceneDelegate.swift; sourceTree = "<group>"; };
		3D9A63A9293555FF0038D26D /* ViewController.swift */ = {isa = PBXFileReference; lastKnownFileType = sourcecode.swift; path = ViewController.swift; sourceTree = "<group>"; };
		3D9A63AC293555FF0038D26D /* Base */ = {isa = PBXFileReference; lastKnownFileType = file.storyboard; name = Base; path = Base.lproj/Main.storyboard; sourceTree = "<group>"; };
		3D9A63AE293556010038D26D /* Assets.xcassets */ = {isa = PBXFileReference; lastKnownFileType = folder.assetcatalog; path = Assets.xcassets; sourceTree = "<group>"; };
		3D9A63B1293556010038D26D /* Base */ = {isa = PBXFileReference; lastKnownFileType = file.storyboard; name = Base; path = Base.lproj/LaunchScreen.storyboard; sourceTree = "<group>"; };
		3D9A63B3293556010038D26D /* Info.plist */ = {isa = PBXFileReference; lastKnownFileType = text.plist.xml; path = Info.plist; sourceTree = "<group>"; };
		3DC8625329355666005A64C2 /* HomeViewController.swift */ = {isa = PBXFileReference; lastKnownFileType = sourcecode.swift; path = HomeViewController.swift; sourceTree = "<group>"; };
		3DC8625529355689005A64C2 /* Dog.swift */ = {isa = PBXFileReference; lastKnownFileType = sourcecode.swift; path = Dog.swift; sourceTree = "<group>"; };
		3DC86257293556A5005A64C2 /* DogsCollectionViewCell.swift */ = {isa = PBXFileReference; lastKnownFileType = sourcecode.swift; path = DogsCollectionViewCell.swift; sourceTree = "<group>"; };
		3DC86259293556D1005A64C2 /* ProfileViewController.swift */ = {isa = PBXFileReference; lastKnownFileType = sourcecode.swift; path = ProfileViewController.swift; sourceTree = "<group>"; };
		A34E83D802C32E339D70D220 /* Pods-hack_challenge.release.xcconfig */ = {isa = PBXFileReference; includeInIndex = 1; lastKnownFileType = text.xcconfig; name = "Pods-hack_challenge.release.xcconfig"; path = "Target Support Files/Pods-hack_challenge/Pods-hack_challenge.release.xcconfig"; sourceTree = "<group>"; };
		DBBC4FC096A30318C7A08934 /* Pods_hack_challenge.framework */ = {isa = PBXFileReference; explicitFileType = wrapper.framework; includeInIndex = 0; path = Pods_hack_challenge.framework; sourceTree = BUILT_PRODUCTS_DIR; };
		EF13751BB39F14C135FEBD1F /* Pods-hack_challenge.debug.xcconfig */ = {isa = PBXFileReference; includeInIndex = 1; lastKnownFileType = text.xcconfig; name = "Pods-hack_challenge.debug.xcconfig"; path = "Target Support Files/Pods-hack_challenge/Pods-hack_challenge.debug.xcconfig"; sourceTree = "<group>"; };
/* End PBXFileReference section */

/* Begin PBXFrameworksBuildPhase section */
		3D9A639F293555FF0038D26D /* Frameworks */ = {
			isa = PBXFrameworksBuildPhase;
			buildActionMask = 2147483647;
			files = (
				AD7C1ACB11BD03C444376045 /* Pods_hack_challenge.framework in Frameworks */,
			);
			runOnlyForDeploymentPostprocessing = 0;
		};
/* End PBXFrameworksBuildPhase section */

/* Begin PBXGroup section */
		3D9A6399293555FF0038D26D = {
			isa = PBXGroup;
			children = (
				3D9A63A4293555FF0038D26D /* hack_challenge */,
				3D9A63A3293555FF0038D26D /* Products */,
				6615DED6100997539BDEB84A /* Pods */,
				EF7378BA671E902BA31B30A2 /* Frameworks */,
			);
			sourceTree = "<group>";
		};
		3D9A63A3293555FF0038D26D /* Products */ = {
			isa = PBXGroup;
			children = (
				3D9A63A2293555FF0038D26D /* hack_challenge.app */,
			);
			name = Products;
			sourceTree = "<group>";
		};
		3D9A63A4293555FF0038D26D /* hack_challenge */ = {
			isa = PBXGroup;
			children = (
				3D9A63A5293555FF0038D26D /* AppDelegate.swift */,
				3D9A63A7293555FF0038D26D /* SceneDelegate.swift */,
				3D9A63A9293555FF0038D26D /* ViewController.swift */,
				3D5AE221293565B30099F53C /* FilterCollectionViewCell.swift */,
				3DC8625329355666005A64C2 /* HomeViewController.swift */,
				3D5AE2272935D02C0099F53C /* DetailedViewController.swift */,
				3D5AE223293566680099F53C /* Filter.swift */,
				3DC8625529355689005A64C2 /* Dog.swift */,
				3D5AE2292936BA6D0099F53C /* NetworkManager.swift */,
				3DC86257293556A5005A64C2 /* DogsCollectionViewCell.swift */,
				3DC86259293556D1005A64C2 /* ProfileViewController.swift */,
				3D886D7C2938479C00751DAC /* EditViewController.swift */,
				2EF364872938658500247DAE /* NotificationCollectionViewCell.swift */,
				2EF3648529385F7500247DAE /* NotificationViewController.swift */,
				3D9A63AB293555FF0038D26D /* Main.storyboard */,
				3D9A63AE293556010038D26D /* Assets.xcassets */,
				3D9A63B0293556010038D26D /* LaunchScreen.storyboard */,
				3D9A63B3293556010038D26D /* Info.plist */,
			);
			path = hack_challenge;
			sourceTree = "<group>";
		};
		6615DED6100997539BDEB84A /* Pods */ = {
			isa = PBXGroup;
			children = (
				EF13751BB39F14C135FEBD1F /* Pods-hack_challenge.debug.xcconfig */,
				A34E83D802C32E339D70D220 /* Pods-hack_challenge.release.xcconfig */,
			);
			path = Pods;
			sourceTree = "<group>";
		};
		EF7378BA671E902BA31B30A2 /* Frameworks */ = {
			isa = PBXGroup;
			children = (
				DBBC4FC096A30318C7A08934 /* Pods_hack_challenge.framework */,
			);
			name = Frameworks;
			sourceTree = "<group>";
		};
/* End PBXGroup section */

/* Begin PBXNativeTarget section */
		3D9A63A1293555FF0038D26D /* hack_challenge */ = {
			isa = PBXNativeTarget;
			buildConfigurationList = 3D9A63B6293556010038D26D /* Build configuration list for PBXNativeTarget "hack_challenge" */;
			buildPhases = (
				EEDB8F28DC87E1D67322CD05 /* [CP] Check Pods Manifest.lock */,
				3D9A639E293555FF0038D26D /* Sources */,
				3D9A639F293555FF0038D26D /* Frameworks */,
				3D9A63A0293555FF0038D26D /* Resources */,
				E8F61A753477089B956B6ACD /* [CP] Embed Pods Frameworks */,
			);
			buildRules = (
			);
			dependencies = (
			);
			name = hack_challenge;
			productName = hack_challenge;
			productReference = 3D9A63A2293555FF0038D26D /* hack_challenge.app */;
			productType = "com.apple.product-type.application";
		};
/* End PBXNativeTarget section */

/* Begin PBXProject section */
		3D9A639A293555FF0038D26D /* Project object */ = {
			isa = PBXProject;
			attributes = {
				BuildIndependentTargetsInParallel = 1;
				LastSwiftUpdateCheck = 1410;
				LastUpgradeCheck = 1410;
				TargetAttributes = {
					3D9A63A1293555FF0038D26D = {
						CreatedOnToolsVersion = 14.1;
					};
				};
			};
			buildConfigurationList = 3D9A639D293555FF0038D26D /* Build configuration list for PBXProject "hack_challenge" */;
			compatibilityVersion = "Xcode 14.0";
			developmentRegion = en;
			hasScannedForEncodings = 0;
			knownRegions = (
				en,
				Base,
			);
			mainGroup = 3D9A6399293555FF0038D26D;
			productRefGroup = 3D9A63A3293555FF0038D26D /* Products */;
			projectDirPath = "";
			projectRoot = "";
			targets = (
				3D9A63A1293555FF0038D26D /* hack_challenge */,
			);
		};
/* End PBXProject section */

/* Begin PBXResourcesBuildPhase section */
		3D9A63A0293555FF0038D26D /* Resources */ = {
			isa = PBXResourcesBuildPhase;
			buildActionMask = 2147483647;
			files = (
				3D9A63B2293556010038D26D /* LaunchScreen.storyboard in Resources */,
				3D9A63AF293556010038D26D /* Assets.xcassets in Resources */,
				3D9A63AD293555FF0038D26D /* Main.storyboard in Resources */,
			);
			runOnlyForDeploymentPostprocessing = 0;
		};
/* End PBXResourcesBuildPhase section */

/* Begin PBXShellScriptBuildPhase section */
		E8F61A753477089B956B6ACD /* [CP] Embed Pods Frameworks */ = {
			isa = PBXShellScriptBuildPhase;
			buildActionMask = 2147483647;
			files = (
			);
			inputFileListPaths = (
				"${PODS_ROOT}/Target Support Files/Pods-hack_challenge/Pods-hack_challenge-frameworks-${CONFIGURATION}-input-files.xcfilelist",
			);
			name = "[CP] Embed Pods Frameworks";
			outputFileListPaths = (
				"${PODS_ROOT}/Target Support Files/Pods-hack_challenge/Pods-hack_challenge-frameworks-${CONFIGURATION}-output-files.xcfilelist",
			);
			runOnlyForDeploymentPostprocessing = 0;
			shellPath = /bin/sh;
			shellScript = "\"${PODS_ROOT}/Target Support Files/Pods-hack_challenge/Pods-hack_challenge-frameworks.sh\"\n";
			showEnvVarsInLog = 0;
		};
		EEDB8F28DC87E1D67322CD05 /* [CP] Check Pods Manifest.lock */ = {
			isa = PBXShellScriptBuildPhase;
			buildActionMask = 2147483647;
			files = (
			);
			inputFileListPaths = (
			);
			inputPaths = (
				"${PODS_PODFILE_DIR_PATH}/Podfile.lock",
				"${PODS_ROOT}/Manifest.lock",
			);
			name = "[CP] Check Pods Manifest.lock";
			outputFileListPaths = (
			);
			outputPaths = (
				"$(DERIVED_FILE_DIR)/Pods-hack_challenge-checkManifestLockResult.txt",
			);
			runOnlyForDeploymentPostprocessing = 0;
			shellPath = /bin/sh;
			shellScript = "diff \"${PODS_PODFILE_DIR_PATH}/Podfile.lock\" \"${PODS_ROOT}/Manifest.lock\" > /dev/null\nif [ $? != 0 ] ; then\n    # print error to STDERR\n    echo \"error: The sandbox is not in sync with the Podfile.lock. Run 'pod install' or update your CocoaPods installation.\" >&2\n    exit 1\nfi\n# This output is used by Xcode 'outputs' to avoid re-running this script phase.\necho \"SUCCESS\" > \"${SCRIPT_OUTPUT_FILE_0}\"\n";
			showEnvVarsInLog = 0;
		};
/* End PBXShellScriptBuildPhase section */

/* Begin PBXSourcesBuildPhase section */
		3D9A639E293555FF0038D26D /* Sources */ = {
			isa = PBXSourcesBuildPhase;
			buildActionMask = 2147483647;
			files = (
				3D9A63AA293555FF0038D26D /* ViewController.swift in Sources */,
				3D9A63A6293555FF0038D26D /* AppDelegate.swift in Sources */,
				3D5AE2282935D02C0099F53C /* DetailedViewController.swift in Sources */,
				3D9A63A8293555FF0038D26D /* SceneDelegate.swift in Sources */,
				3D5AE22A2936BA6D0099F53C /* NetworkManager.swift in Sources */,
				3DC8625629355689005A64C2 /* Dog.swift in Sources */,
				3DC8625A293556D1005A64C2 /* ProfileViewController.swift in Sources */,
				3DC8625429355666005A64C2 /* HomeViewController.swift in Sources */,
				3D886D7D2938479D00751DAC /* EditViewController.swift in Sources */,
				2EF3648629385F7500247DAE /* NotificationViewController.swift in Sources */,
				3D5AE222293565B30099F53C /* FilterCollectionViewCell.swift in Sources */,
				3D5AE224293566680099F53C /* Filter.swift in Sources */,
				3DC86258293556A5005A64C2 /* DogsCollectionViewCell.swift in Sources */,
				2EF364882938658500247DAE /* NotificationCollectionViewCell.swift in Sources */,
			);
			runOnlyForDeploymentPostprocessing = 0;
		};
/* End PBXSourcesBuildPhase section */

/* Begin PBXVariantGroup section */
		3D9A63AB293555FF0038D26D /* Main.storyboard */ = {
			isa = PBXVariantGroup;
			children = (
				3D9A63AC293555FF0038D26D /* Base */,
			);
			name = Main.storyboard;
			sourceTree = "<group>";
		};
		3D9A63B0293556010038D26D /* LaunchScreen.storyboard */ = {
			isa = PBXVariantGroup;
			children = (
				3D9A63B1293556010038D26D /* Base */,
			);
			name = LaunchScreen.storyboard;
			sourceTree = "<group>";
		};
/* End PBXVariantGroup section */

/* Begin XCBuildConfiguration section */
		3D9A63B4293556010038D26D /* Debug */ = {
			isa = XCBuildConfiguration;
			buildSettings = {
				ALWAYS_SEARCH_USER_PATHS = NO;
				CLANG_ANALYZER_NONNULL = YES;
				CLANG_ANALYZER_NUMBER_OBJECT_CONVERSION = YES_AGGRESSIVE;
				CLANG_CXX_LANGUAGE_STANDARD = "gnu++20";
				CLANG_ENABLE_MODULES = YES;
				CLANG_ENABLE_OBJC_ARC = YES;
				CLANG_ENABLE_OBJC_WEAK = YES;
				CLANG_WARN_BLOCK_CAPTURE_AUTORELEASING = YES;
				CLANG_WARN_BOOL_CONVERSION = YES;
				CLANG_WARN_COMMA = YES;
				CLANG_WARN_CONSTANT_CONVERSION = YES;
				CLANG_WARN_DEPRECATED_OBJC_IMPLEMENTATIONS = YES;
				CLANG_WARN_DIRECT_OBJC_ISA_USAGE = YES_ERROR;
				CLANG_WARN_DOCUMENTATION_COMMENTS = YES;
				CLANG_WARN_EMPTY_BODY = YES;
				CLANG_WARN_ENUM_CONVERSION = YES;
				CLANG_WARN_INFINITE_RECURSION = YES;
				CLANG_WARN_INT_CONVERSION = YES;
				CLANG_WARN_NON_LITERAL_NULL_CONVERSION = YES;
				CLANG_WARN_OBJC_IMPLICIT_RETAIN_SELF = YES;
				CLANG_WARN_OBJC_LITERAL_CONVERSION = YES;
				CLANG_WARN_OBJC_ROOT_CLASS = YES_ERROR;
				CLANG_WARN_QUOTED_INCLUDE_IN_FRAMEWORK_HEADER = YES;
				CLANG_WARN_RANGE_LOOP_ANALYSIS = YES;
				CLANG_WARN_STRICT_PROTOTYPES = YES;
				CLANG_WARN_SUSPICIOUS_MOVE = YES;
				CLANG_WARN_UNGUARDED_AVAILABILITY = YES_AGGRESSIVE;
				CLANG_WARN_UNREACHABLE_CODE = YES;
				CLANG_WARN__DUPLICATE_METHOD_MATCH = YES;
				COPY_PHASE_STRIP = NO;
				DEBUG_INFORMATION_FORMAT = dwarf;
				ENABLE_STRICT_OBJC_MSGSEND = YES;
				ENABLE_TESTABILITY = YES;
				GCC_C_LANGUAGE_STANDARD = gnu11;
				GCC_DYNAMIC_NO_PIC = NO;
				GCC_NO_COMMON_BLOCKS = YES;
				GCC_OPTIMIZATION_LEVEL = 0;
				GCC_PREPROCESSOR_DEFINITIONS = (
					"DEBUG=1",
					"$(inherited)",
				);
				GCC_WARN_64_TO_32_BIT_CONVERSION = YES;
				GCC_WARN_ABOUT_RETURN_TYPE = YES_ERROR;
				GCC_WARN_UNDECLARED_SELECTOR = YES;
				GCC_WARN_UNINITIALIZED_AUTOS = YES_AGGRESSIVE;
				GCC_WARN_UNUSED_FUNCTION = YES;
				GCC_WARN_UNUSED_VARIABLE = YES;
				IPHONEOS_DEPLOYMENT_TARGET = 16.1;
				MTL_ENABLE_DEBUG_INFO = INCLUDE_SOURCE;
				MTL_FAST_MATH = YES;
				ONLY_ACTIVE_ARCH = YES;
				SDKROOT = iphoneos;
				SWIFT_ACTIVE_COMPILATION_CONDITIONS = DEBUG;
				SWIFT_OPTIMIZATION_LEVEL = "-Onone";
			};
			name = Debug;
		};
		3D9A63B5293556010038D26D /* Release */ = {
			isa = XCBuildConfiguration;
			buildSettings = {
				ALWAYS_SEARCH_USER_PATHS = NO;
				CLANG_ANALYZER_NONNULL = YES;
				CLANG_ANALYZER_NUMBER_OBJECT_CONVERSION = YES_AGGRESSIVE;
				CLANG_CXX_LANGUAGE_STANDARD = "gnu++20";
				CLANG_ENABLE_MODULES = YES;
				CLANG_ENABLE_OBJC_ARC = YES;
				CLANG_ENABLE_OBJC_WEAK = YES;
				CLANG_WARN_BLOCK_CAPTURE_AUTORELEASING = YES;
				CLANG_WARN_BOOL_CONVERSION = YES;
				CLANG_WARN_COMMA = YES;
				CLANG_WARN_CONSTANT_CONVERSION = YES;
				CLANG_WARN_DEPRECATED_OBJC_IMPLEMENTATIONS = YES;
				CLANG_WARN_DIRECT_OBJC_ISA_USAGE = YES_ERROR;
				CLANG_WARN_DOCUMENTATION_COMMENTS = YES;
				CLANG_WARN_EMPTY_BODY = YES;
				CLANG_WARN_ENUM_CONVERSION = YES;
				CLANG_WARN_INFINITE_RECURSION = YES;
				CLANG_WARN_INT_CONVERSION = YES;
				CLANG_WARN_NON_LITERAL_NULL_CONVERSION = YES;
				CLANG_WARN_OBJC_IMPLICIT_RETAIN_SELF = YES;
				CLANG_WARN_OBJC_LITERAL_CONVERSION = YES;
				CLANG_WARN_OBJC_ROOT_CLASS = YES_ERROR;
				CLANG_WARN_QUOTED_INCLUDE_IN_FRAMEWORK_HEADER = YES;
				CLANG_WARN_RANGE_LOOP_ANALYSIS = YES;
				CLANG_WARN_STRICT_PROTOTYPES = YES;
				CLANG_WARN_SUSPICIOUS_MOVE = YES;
				CLANG_WARN_UNGUARDED_AVAILABILITY = YES_AGGRESSIVE;
				CLANG_WARN_UNREACHABLE_CODE = YES;
				CLANG_WARN__DUPLICATE_METHOD_MATCH = YES;
				COPY_PHASE_STRIP = NO;
				DEBUG_INFORMATION_FORMAT = "dwarf-with-dsym";
				ENABLE_NS_ASSERTIONS = NO;
				ENABLE_STRICT_OBJC_MSGSEND = YES;
				GCC_C_LANGUAGE_STANDARD = gnu11;
				GCC_NO_COMMON_BLOCKS = YES;
				GCC_WARN_64_TO_32_BIT_CONVERSION = YES;
				GCC_WARN_ABOUT_RETURN_TYPE = YES_ERROR;
				GCC_WARN_UNDECLARED_SELECTOR = YES;
				GCC_WARN_UNINITIALIZED_AUTOS = YES_AGGRESSIVE;
				GCC_WARN_UNUSED_FUNCTION = YES;
				GCC_WARN_UNUSED_VARIABLE = YES;
				IPHONEOS_DEPLOYMENT_TARGET = 16.1;
				MTL_ENABLE_DEBUG_INFO = NO;
				MTL_FAST_MATH = YES;
				SDKROOT = iphoneos;
				SWIFT_COMPILATION_MODE = wholemodule;
				SWIFT_OPTIMIZATION_LEVEL = "-O";
				VALIDATE_PRODUCT = YES;
			};
			name = Release;
		};
		3D9A63B7293556010038D26D /* Debug */ = {
			isa = XCBuildConfiguration;
			baseConfigurationReference = EF13751BB39F14C135FEBD1F /* Pods-hack_challenge.debug.xcconfig */;
			buildSettings = {
				ASSETCATALOG_COMPILER_APPICON_NAME = AppIcon;
				ASSETCATALOG_COMPILER_GLOBAL_ACCENT_COLOR_NAME = AccentColor;
				CODE_SIGN_STYLE = Automatic;
				CURRENT_PROJECT_VERSION = 1;
				DEVELOPMENT_TEAM = NM649L3R78;
				GENERATE_INFOPLIST_FILE = YES;
				INFOPLIST_FILE = hack_challenge/Info.plist;
				INFOPLIST_KEY_UIApplicationSupportsIndirectInputEvents = YES;
				INFOPLIST_KEY_UILaunchStoryboardName = LaunchScreen;
				INFOPLIST_KEY_UIMainStoryboardFile = Main;
				INFOPLIST_KEY_UISupportedInterfaceOrientations_iPad = "UIInterfaceOrientationPortrait UIInterfaceOrientationPortraitUpsideDown UIInterfaceOrientationLandscapeLeft UIInterfaceOrientationLandscapeRight";
				INFOPLIST_KEY_UISupportedInterfaceOrientations_iPhone = "UIInterfaceOrientationPortrait UIInterfaceOrientationLandscapeLeft UIInterfaceOrientationLandscapeRight";
				IPHONEOS_DEPLOYMENT_TARGET = 16.0;
				LD_RUNPATH_SEARCH_PATHS = (
					"$(inherited)",
					"@executable_path/Frameworks",
				);
				MARKETING_VERSION = 1.0;
				PRODUCT_BUNDLE_IDENTIFIER = "com.AshleyLiu.hack-challenge";
				PRODUCT_NAME = "$(TARGET_NAME)";
				SWIFT_EMIT_LOC_STRINGS = YES;
				SWIFT_VERSION = 5.0;
				TARGETED_DEVICE_FAMILY = "1,2";
			};
			name = Debug;
		};
		3D9A63B8293556010038D26D /* Release */ = {
			isa = XCBuildConfiguration;
			baseConfigurationReference = A34E83D802C32E339D70D220 /* Pods-hack_challenge.release.xcconfig */;
			buildSettings = {
				ASSETCATALOG_COMPILER_APPICON_NAME = AppIcon;
				ASSETCATALOG_COMPILER_GLOBAL_ACCENT_COLOR_NAME = AccentColor;
				CODE_SIGN_STYLE = Automatic;
				CURRENT_PROJECT_VERSION = 1;
				DEVELOPMENT_TEAM = NM649L3R78;
				GENERATE_INFOPLIST_FILE = YES;
				INFOPLIST_FILE = hack_challenge/Info.plist;
				INFOPLIST_KEY_UIApplicationSupportsIndirectInputEvents = YES;
				INFOPLIST_KEY_UILaunchStoryboardName = LaunchScreen;
				INFOPLIST_KEY_UIMainStoryboardFile = Main;
				INFOPLIST_KEY_UISupportedInterfaceOrientations_iPad = "UIInterfaceOrientationPortrait UIInterfaceOrientationPortraitUpsideDown UIInterfaceOrientationLandscapeLeft UIInterfaceOrientationLandscapeRight";
				INFOPLIST_KEY_UISupportedInterfaceOrientations_iPhone = "UIInterfaceOrientationPortrait UIInterfaceOrientationLandscapeLeft UIInterfaceOrientationLandscapeRight";
				IPHONEOS_DEPLOYMENT_TARGET = 16.0;
				LD_RUNPATH_SEARCH_PATHS = (
					"$(inherited)",
					"@executable_path/Frameworks",
				);
				MARKETING_VERSION = 1.0;
				PRODUCT_BUNDLE_IDENTIFIER = "com.AshleyLiu.hack-challenge";
				PRODUCT_NAME = "$(TARGET_NAME)";
				SWIFT_EMIT_LOC_STRINGS = YES;
				SWIFT_VERSION = 5.0;
				TARGETED_DEVICE_FAMILY = "1,2";
			};
			name = Release;
		};
/* End XCBuildConfiguration section */

/* Begin XCConfigurationList section */
		3D9A639D293555FF0038D26D /* Build configuration list for PBXProject "hack_challenge" */ = {
			isa = XCConfigurationList;
			buildConfigurations = (
				3D9A63B4293556010038D26D /* Debug */,
				3D9A63B5293556010038D26D /* Release */,
			);
			defaultConfigurationIsVisible = 0;
			defaultConfigurationName = Release;
		};
		3D9A63B6293556010038D26D /* Build configuration list for PBXNativeTarget "hack_challenge" */ = {
			isa = XCConfigurationList;
			buildConfigurations = (
				3D9A63B7293556010038D26D /* Debug */,
				3D9A63B8293556010038D26D /* Release */,
			);
			defaultConfigurationIsVisible = 0;
			defaultConfigurationName = Release;
		};
/* End XCConfigurationList section */
	};
	rootObject = 3D9A639A293555FF0038D26D /* Project object */;
}
